
Microsoft Visual Studio Solution File, Format Version 12.00
# Visual Studio Version 16
VisualStudioVersion = 16.0.30611.23
MinimumVisualStudioVersion = 10.0.40219.1
Project("{FAE04EC0-301F-11D3-BF4B-00C04F79EFBC}") = "DiscordBot", "DiscordBot\DiscordBot.csproj", "{C740A7C3-B87E-4673-A8AA-C4F85E54651A}"
EndProject
Global
	GlobalSection(SolutionConfigurationPlatforms) = preSolution
		Debug|Any CPU = Debug|Any CPU
		Release|Any CPU = Release|Any CPU
	EndGlobalSection
	GlobalSection(ProjectConfigurationPlatforms) = postSolution
		{C740A7C3-B87E-4673-A8AA-C4F85E54651A}.Debug|Any CPU.ActiveCfg = Debug|Any CPU
		{C740A7C3-B87E-4673-A8AA-C4F85E54651A}.Debug|Any CPU.Build.0 = Debug|Any CPU
		{C740A7C3-B87E-4673-A8AA-C4F85E54651A}.Release|Any CPU.ActiveCfg = Release|Any CPU
		{C740A7C3-B87E-4673-A8AA-C4F85E54651A}.Release|Any CPU.Build.0 = Release|Any CPU
	EndGlobalSection
	GlobalSection(SolutionProperties) = preSolution
		HideSolutionNode = FALSE
	EndGlobalSection
	GlobalSection(ExtensibilityGlobals) = postSolution
		SolutionGuid = {C17BF3E7-FDBB-4732-AF1C-585C5DA515D6}
	EndGlobalSection
EndGlobal
